
Microsoft Visual Studio Solution File, Format Version 12.00
# Visual Studio Version 17
VisualStudioVersion = 17.0.31903.59
MinimumVisualStudioVersion = 10.0.40219.1
Project("{FAE04EC0-301F-11D3-BF4B-00C04F79EFBC}") = "DZ5.2", "DZ5.0\DZ5.2.csproj", "{CFF14CBC-ADB1-4F53-AC6E-D98C32EA5D79}"
EndProject
Project("{FAE04EC0-301F-11D3-BF4B-00C04F79EFBC}") = "DZ5.1", "DZ5.1\DZ5.1.csproj", "{1487DD07-A20F-4129-B336-2359FF8D05AD}"
EndProject
Global
	GlobalSection(SolutionConfigurationPlatforms) = preSolution
		Debug|Any CPU = Debug|Any CPU
		Release|Any CPU = Release|Any CPU
	EndGlobalSection
	GlobalSection(ProjectConfigurationPlatforms) = postSolution
		{CFF14CBC-ADB1-4F53-AC6E-D98C32EA5D79}.Debug|Any CPU.ActiveCfg = Debug|Any CPU
		{CFF14CBC-ADB1-4F53-AC6E-D98C32EA5D79}.Debug|Any CPU.Build.0 = Debug|Any CPU
		{CFF14CBC-ADB1-4F53-AC6E-D98C32EA5D79}.Release|Any CPU.ActiveCfg = Release|Any CPU
		{CFF14CBC-ADB1-4F53-AC6E-D98C32EA5D79}.Release|Any CPU.Build.0 = Release|Any CPU
		{1487DD07-A20F-4129-B336-2359FF8D05AD}.Debug|Any CPU.ActiveCfg = Debug|Any CPU
		{1487DD07-A20F-4129-B336-2359FF8D05AD}.Debug|Any CPU.Build.0 = Debug|Any CPU
		{1487DD07-A20F-4129-B336-2359FF8D05AD}.Release|Any CPU.ActiveCfg = Release|Any CPU
		{1487DD07-A20F-4129-B336-2359FF8D05AD}.Release|Any CPU.Build.0 = Release|Any CPU
	EndGlobalSection
	GlobalSection(SolutionProperties) = preSolution
		HideSolutionNode = FALSE
	EndGlobalSection
	GlobalSection(ExtensibilityGlobals) = postSolution
		SolutionGuid = {A54485A4-5D43-4B65-805D-3E1F9E4D896D}
	EndGlobalSection
EndGlobal
